
Microsoft Visual Studio Solution File, Format Version 12.00
# Visual Studio 15
VisualStudioVersion = 15.0.28307.1831
MinimumVisualStudioVersion = 10.0.40219.1
Project("{8BC9CEB8-8B4A-11D0-8D11-00A0C91BC942}") = "Practice", "Practice\Practice.vcxproj", "{78BB918B-F8A7-4355-8BF6-E5C124FFEC5A}"
EndProject
Global
	GlobalSection(SolutionConfigurationPlatforms) = preSolution
		Debug|x64 = Debug|x64
		Debug|x86 = Debug|x86
		Release|x64 = Release|x64
		Release|x86 = Release|x86
	EndGlobalSection
	GlobalSection(ProjectConfigurationPlatforms) = postSolution
		{78BB918B-F8A7-4355-8BF6-E5C124FFEC5A}.Debug|x64.ActiveCfg = Debug|x64
		{78BB918B-F8A7-4355-8BF6-E5C124FFEC5A}.Debug|x64.Build.0 = Debug|x64
		{78BB918B-F8A7-4355-8BF6-E5C124FFEC5A}.Debug|x86.ActiveCfg = Debug|Win32
		{78BB918B-F8A7-4355-8BF6-E5C124FFEC5A}.Debug|x86.Build.0 = Debug|Win32
		{78BB918B-F8A7-4355-8BF6-E5C124FFEC5A}.Release|x64.ActiveCfg = Release|x64
		{78BB918B-F8A7-4355-8BF6-E5C124FFEC5A}.Release|x64.Build.0 = Release|x64
		{78BB918B-F8A7-4355-8BF6-E5C124FFEC5A}.Release|x86.ActiveCfg = Release|Win32
		{78BB918B-F8A7-4355-8BF6-E5C124FFEC5A}.Release|x86.Build.0 = Release|Win32
	EndGlobalSection
	GlobalSection(SolutionProperties) = preSolution
		HideSolutionNode = FALSE
	EndGlobalSection
	GlobalSection(ExtensibilityGlobals) = postSolution
		SolutionGuid = {A699142D-EFFF-4060-A54A-B4C4800E1718}
	EndGlobalSection
EndGlobal
