
Microsoft Visual Studio Solution File, Format Version 12.00
# Visual Studio Version 17
VisualStudioVersion = 17.2.32630.192
MinimumVisualStudioVersion = 10.0.40219.1
Project("{8BC9CEB8-8B4A-11D0-8D11-00A0C91BC942}") = "Insertion Operation in Array", "Insertion Operation in Array\Insertion Operation in Array.vcxproj", "{850FB16C-5F4A-4923-8228-C28413F8360C}"
EndProject
Global
	GlobalSection(SolutionConfigurationPlatforms) = preSolution
		Debug|x64 = Debug|x64
		Debug|x86 = Debug|x86
		Release|x64 = Release|x64
		Release|x86 = Release|x86
	EndGlobalSection
	GlobalSection(ProjectConfigurationPlatforms) = postSolution
		{850FB16C-5F4A-4923-8228-C28413F8360C}.Debug|x64.ActiveCfg = Debug|x64
		{850FB16C-5F4A-4923-8228-C28413F8360C}.Debug|x64.Build.0 = Debug|x64
		{850FB16C-5F4A-4923-8228-C28413F8360C}.Debug|x86.ActiveCfg = Debug|Win32
		{850FB16C-5F4A-4923-8228-C28413F8360C}.Debug|x86.Build.0 = Debug|Win32
		{850FB16C-5F4A-4923-8228-C28413F8360C}.Release|x64.ActiveCfg = Release|x64
		{850FB16C-5F4A-4923-8228-C28413F8360C}.Release|x64.Build.0 = Release|x64
		{850FB16C-5F4A-4923-8228-C28413F8360C}.Release|x86.ActiveCfg = Release|Win32
		{850FB16C-5F4A-4923-8228-C28413F8360C}.Release|x86.Build.0 = Release|Win32
	EndGlobalSection
	GlobalSection(SolutionProperties) = preSolution
		HideSolutionNode = FALSE
	EndGlobalSection
	GlobalSection(ExtensibilityGlobals) = postSolution
		SolutionGuid = {B29ED719-7BB3-40E2-914D-D57C0D244B29}
	EndGlobalSection
EndGlobal
